
Microsoft Visual Studio Solution File, Format Version 12.00
# Visual Studio Version 16
VisualStudioVersion = 16.0.31702.278
MinimumVisualStudioVersion = 10.0.40219.1
Project("{FAE04EC0-301F-11D3-BF4B-00C04F79EFBC}") = "EfCoreProvider", "EfCoreProvider\EfCoreProvider.csproj", "{426614F1-EA6C-4C39-9235-830A2E04B75E}"
EndProject
Global
	GlobalSection(SolutionConfigurationPlatforms) = preSolution
		Debug|Any CPU = Debug|Any CPU
		Release|Any CPU = Release|Any CPU
	EndGlobalSection
	GlobalSection(ProjectConfigurationPlatforms) = postSolution
		{426614F1-EA6C-4C39-9235-830A2E04B75E}.Debug|Any CPU.ActiveCfg = Debug|Any CPU
		{426614F1-EA6C-4C39-9235-830A2E04B75E}.Debug|Any CPU.Build.0 = Debug|Any CPU
		{426614F1-EA6C-4C39-9235-830A2E04B75E}.Release|Any CPU.ActiveCfg = Release|Any CPU
		{426614F1-EA6C-4C39-9235-830A2E04B75E}.Release|Any CPU.Build.0 = Release|Any CPU
	EndGlobalSection
	GlobalSection(SolutionProperties) = preSolution
		HideSolutionNode = FALSE
	EndGlobalSection
	GlobalSection(ExtensibilityGlobals) = postSolution
		SolutionGuid = {40C89837-56AE-4307-B37A-A22A0B97B5E3}
	EndGlobalSection
EndGlobal
